<?xml version="1.0" encoding="utf-8"?>
<Project ToolsVersion="4.0" xmlns="http://schemas.microsoft.com/developer/msbuild/2003">
  <ItemGroup>
    <Filter Include="Source Files">
      <UniqueIdentifier>{4FC737F1-C7A5-4376-A066-2A32D752A2FF}</UniqueIdentifier>
      <Extensions>cpp;c;cc;cxx;def;odl;idl;hpj;bat;asm;asmx</Extensions>
    </Filter>
    <Filter Include="Header Files">
      <UniqueIdentifier>{93995380-89BD-4b04-88EB-625FBE52EBFB}</UniqueIdentifier>
      <Extensions>h;hh;hpp;hxx;hm;inl;inc;ipp;xsd</Extensions>
    </Filter>
    <Filter Include="Resource Files">
      <UniqueIdentifier>{67DA6AB6-F800-4c08-8B7A-83BB121AAD01}</UniqueIdentifier>
      <Extensions>rc;ico;cur;bmp;dlg;rc2;rct;bin;rgs;gif;jpg;jpeg;jpe;resx;tiff;tif;png;wav;mfcribbon-ms</Extensions>
    </Filter>
  </ItemGroup>
  <ItemGroup>
    <ClCompile Include="uioCam_v2.1.cpp">
      <Filter>Source Files</Filter>
    </ClCompile>
    <ClCompile Include="MyForm.cpp">
      <Filter>Source Files</Filter>
    </ClCompile>
    <ClCompile Include="astroIo.cpp">
      <Filter>Source Files</Filter>
    </ClCompile>
    <ClCompile Include="file.cpp">
      <Filter>Source Files</Filter>
    </ClCompile>
    <ClCompile Include="func.cpp">
      <Filter>Source Files</Filter>
    </ClCompile>
    <ClCompile Include="global.cpp">
      <Filter>Source Files</Filter>
    </ClCompile>
    <ClCompile Include="modes.cpp">
      <Filter>Source Files</Filter>
    </ClCompile>
    <ClCompile Include="sequence.cpp">
      <Filter>Source Files</Filter>
    </ClCompile>
    <ClCompile Include="smartMotorIo.cpp">
      <Filter>Source Files</Filter>
    </ClCompile>
    <ClCompile Include="sonyCameraIo.cpp">
      <Filter>Source Files</Filter>
    </ClCompile>
    <ClCompile Include="stdafx.cpp">
      <Filter>Source Files</Filter>
    </ClCompile>
    <ClCompile Include="strings.cpp">
      <Filter>Source Files</Filter>
    </ClCompile>
    <ClCompile Include="yAstro_aa_hadec.cpp">
      <Filter>Source Files</Filter>
    </ClCompile>
    <ClCompile Include="yAstro_aberration.cpp">
      <Filter>Source Files</Filter>
    </ClCompile>
    <ClCompile Include="yAstro_actan.cpp">
      <Filter>Source Files</Filter>
    </ClCompile>
    <ClCompile Include="yAstro_anomaly.cpp">
      <Filter>Source Files</Filter>
    </ClCompile>
    <ClCompile Include="yAstro_ap_as.cpp">
      <Filter>Source Files</Filter>
    </ClCompile>
    <ClCompile Include="yAstro_auxil.cpp">
      <Filter>Source Files</Filter>
    </ClCompile>
    <ClCompile Include="yAstro_bdl.cpp">
      <Filter>Source Files</Filter>
    </ClCompile>
    <ClCompile Include="yAstro_chap95.cpp">
      <Filter>Source Files</Filter>
    </ClCompile>
    <ClCompile Include="yAstro_chap95_data.cpp">
      <Filter>Source Files</Filter>
    </ClCompile>
    <ClCompile Include="yAstro_circum.cpp">
      <Filter>Source Files</Filter>
    </ClCompile>
    <ClCompile Include="yAstro_comet.cpp">
      <Filter>Source Files</Filter>
    </ClCompile>
    <ClCompile Include="yAstro_deep.cpp">
      <Filter>Source Files</Filter>
    </ClCompile>
    <ClCompile Include="yAstro_deltat.cpp">
      <Filter>Source Files</Filter>
    </ClCompile>
    <ClCompile Include="yAstro_earthsat.cpp">
      <Filter>Source Files</Filter>
    </ClCompile>
    <ClCompile Include="yAstro_eq_ecl.cpp">
      <Filter>Source Files</Filter>
    </ClCompile>
    <ClCompile Include="yAstro_jupmoon.cpp">
      <Filter>Source Files</Filter>
    </ClCompile>
    <ClCompile Include="yAstro_marsmoon.cpp">
      <Filter>Source Files</Filter>
    </ClCompile>
    <ClCompile Include="yAstro_misc.cpp">
      <Filter>Source Files</Filter>
    </ClCompile>
    <ClCompile Include="yAstro_mjd.cpp">
      <Filter>Source Files</Filter>
    </ClCompile>
    <ClCompile Include="yAstro_moon.cpp">
      <Filter>Source Files</Filter>
    </ClCompile>
    <ClCompile Include="yAstro_nutation.cpp">
      <Filter>Source Files</Filter>
    </ClCompile>
    <ClCompile Include="yAstro_obliq.cpp">
      <Filter>Source Files</Filter>
    </ClCompile>
    <ClCompile Include="yAstro_parallactic.cpp">
      <Filter>Source Files</Filter>
    </ClCompile>
    <ClCompile Include="yAstro_parallax.cpp">
      <Filter>Source Files</Filter>
    </ClCompile>
    <ClCompile Include="yAstro_plans.cpp">
      <Filter>Source Files</Filter>
    </ClCompile>
    <ClCompile Include="yAstro_plmoon.cpp">
      <Filter>Source Files</Filter>
    </ClCompile>
    <ClCompile Include="yAstro_plshadow.cpp">
      <Filter>Source Files</Filter>
    </ClCompile>
    <ClCompile Include="yAstro_precess.cpp">
      <Filter>Source Files</Filter>
    </ClCompile>
    <ClCompile Include="yAstro_reduce.cpp">
      <Filter>Source Files</Filter>
    </ClCompile>
    <ClCompile Include="yAstro_refract.cpp">
      <Filter>Source Files</Filter>
    </ClCompile>
    <ClCompile Include="yAstro_rings.cpp">
      <Filter>Source Files</Filter>
    </ClCompile>
    <ClCompile Include="yAstro_satmoon.cpp">
      <Filter>Source Files</Filter>
    </ClCompile>
    <ClCompile Include="yAstro_sdp4.cpp">
      <Filter>Source Files</Filter>
    </ClCompile>
    <ClCompile Include="yAstro_sgp4.cpp">
      <Filter>Source Files</Filter>
    </ClCompile>
    <ClCompile Include="yAstro_sphcart.cpp">
      <Filter>Source Files</Filter>
    </ClCompile>
    <ClCompile Include="yAstro_sun.cpp">
      <Filter>Source Files</Filter>
    </ClCompile>
    <ClCompile Include="yAstro_thetag.cpp">
      <Filter>Source Files</Filter>
    </ClCompile>
    <ClCompile Include="yAstro_twobody.cpp">
      <Filter>Source Files</Filter>
    </ClCompile>
    <ClCompile Include="yAstro_umoon.cpp">
      <Filter>Source Files</Filter>
    </ClCompile>
    <ClCompile Include="yAstro_utc_gst.cpp">
      <Filter>Source Files</Filter>
    </ClCompile>
    <ClCompile Include="yAstro_vsop87.cpp">
      <Filter>Source Files</Filter>
    </ClCompile>
    <ClCompile Include="yAstro_vsop87_data.cpp">
      <Filter>Source Files</Filter>
    </ClCompile>
    <ClCompile Include="photosIo.cpp">
      <Filter>Source Files</Filter>
    </ClCompile>
  </ItemGroup>
  <ItemGroup>
    <ClInclude Include="MyForm.h">
      <Filter>Header Files</Filter>
    </ClInclude>
    <ClInclude Include="astroIo.h">
      <Filter>Header Files</Filter>
    </ClInclude>
    <ClInclude Include="define.h">
      <Filter>Header Files</Filter>
    </ClInclude>
    <ClInclude Include="global.h">
      <Filter>Header Files</Filter>
    </ClInclude>
    <ClInclude Include="include.h">
      <Filter>Header Files</Filter>
    </ClInclude>
    <ClInclude Include="Isutil.h">
      <Filter>Header Files</Filter>
    </ClInclude>
    <ClInclude Include="sonyCamera.h">
      <Filter>Header Files</Filter>
    </ClInclude>
    <ClInclude Include="stdafx.h">
      <Filter>Header Files</Filter>
    </ClInclude>
    <ClInclude Include="targetver.h">
      <Filter>Header Files</Filter>
    </ClInclude>
    <ClInclude Include="yAstro_astro.h">
      <Filter>Header Files</Filter>
    </ClInclude>
    <ClInclude Include="yAstro_bdl.h">
      <Filter>Header Files</Filter>
    </ClInclude>
    <ClInclude Include="yAstro_chap95.h">
      <Filter>Header Files</Filter>
    </ClInclude>
    <ClInclude Include="yAstro_deepconst.h">
      <Filter>Header Files</Filter>
    </ClInclude>
    <ClInclude Include="yAstro_preferences.h">
      <Filter>Header Files</Filter>
    </ClInclude>
    <ClInclude Include="yAstro_satlib.h">
      <Filter>Header Files</Filter>
    </ClInclude>
    <ClInclude Include="yAstro_satspec.h">
      <Filter>Header Files</Filter>
    </ClInclude>
    <ClInclude Include="yAstro_sattypes.h">
      <Filter>Header Files</Filter>
    </ClInclude>
    <ClInclude Include="yAstro_vector.h">
      <Filter>Header Files</Filter>
    </ClInclude>
    <ClInclude Include="yAstro_vsop87.h">
      <Filter>Header Files</Filter>
    </ClInclude>
  </ItemGroup>
  <ItemGroup>
    <EmbeddedResource Include="MyForm.resx">
      <Filter>Resource Files</Filter>
    </EmbeddedResource>
  </ItemGroup>
</Project>